{
  "lockfileVersion": 1,
  "configVersion": 1,
  "workspaces": {
    "": {
      "name": "rockeatseat-sql-terminal-agent",
      "dependencies": {
        "@ai-sdk/openai": "1.3.0",
        "@faker-js/faker": "9.0.0",
        "ai": "4.3.0",
        "zod": "3.25.0",
      },
      "devDependencies": {
        "@types/bun": "latest",
      },
      "peerDependencies": {
        "typescript": "^5",
      },
    },
  },
  "packages": {
    "@ai-sdk/openai": ["@ai-sdk/openai@1.3.0", "", { "dependencies": { "@ai-sdk/provider": "1.1.0", "@ai-sdk/provider-utils": "2.2.0" }, "peerDependencies": { "zod": "^3.0.0" } }, "sha512-zKKacGH8AyUjC63GizDpts+Nf8qAEtvAtO5O/AfVML8pIrtNWsbF+U3nT6mM8Oqvkp9X7ivuc4hCurivMFlJ6Q=="],

    "@ai-sdk/provider": ["@ai-sdk/provider@1.1.0", "", { "dependencies": { "json-schema": "^0.4.0" } }, "sha512-0M+qjp+clUD0R1E5eWQFhxEvWLNaOtGQRUaBn8CUABnSKredagq92hUS9VjOzGsTm37xLfpaxl97AVtbeOsHew=="],

    "@ai-sdk/provider-utils": ["@ai-sdk/provider-utils@2.2.0", "", { "dependencies": { "@ai-sdk/provider": "1.1.0", "eventsource-parser": "^3.0.0", "nanoid": "^3.3.8", "secure-json-parse": "^2.7.0" }, "peerDependencies": { "zod": "^3.23.8" } }, "sha512-RX5BnDSqudjvZjwwpROcxVQElyX7rUn/xImBgaZLXekSGqq8f7/tefqDcQiRbDZjuCd4CVIfhrK8y/Pta8cPfQ=="],

    "@ai-sdk/react": ["@ai-sdk/react@1.2.6", "", { "dependencies": { "@ai-sdk/provider-utils": "2.2.4", "@ai-sdk/ui-utils": "1.2.5", "swr": "^2.2.5", "throttleit": "2.1.0" }, "peerDependencies": { "react": "^18 || ^19 || ^19.0.0-rc", "zod": "^3.23.8" }, "optionalPeers": ["zod"] }, "sha512-5BFChNbcYtcY9MBStcDev7WZRHf0NpTrk8yfSoedWctB3jfWkFd1HECBvdc8w3mUQshF2MumLHtAhRO7IFtGGQ=="],

    "@ai-sdk/ui-utils": ["@ai-sdk/ui-utils@1.2.5", "", { "dependencies": { "@ai-sdk/provider": "1.1.0", "@ai-sdk/provider-utils": "2.2.4", "zod-to-json-schema": "^3.24.1" }, "peerDependencies": { "zod": "^3.23.8" } }, "sha512-XDgqnJcaCkDez7qolvk+PDbs/ceJvgkNkxkOlc9uDWqxfDJxtvCZ+14MP/1qr4IBwGIgKVHzMDYDXvqVhSWLzg=="],

    "@faker-js/faker": ["@faker-js/faker@9.0.0", "", {}, "sha512-dTDHJSmz6c1OJ6HO7jiUiIb4sB20Dlkb3pxYsKm0qTXm2Bmj97rlXIhlvaFsW2rvCi+OLlwKLVSS6ZxFUVZvjQ=="],

    "@opentelemetry/api": ["@opentelemetry/api@1.9.0", "", {}, "sha512-3giAOQvZiH5F9bMlMiv8+GSPMeqg0dbaeo58/0SlA9sxSqZhnUtxzX9/2FzyhS9sWQf5S0GJE0AKBrFqjpeYcg=="],

    "@types/bun": ["@types/bun@1.4.2", "", { "dependencies": { "bun-types": "1.4.2" } }, "sha512-GimotNn7+ZV0uVArItBbriZsR1oNf0+WTzPkdcFrzShI7k2norL0uzEaJT8T33dWr7O/c9ZDuAFQrctKCi72oQ=="],

    "@types/diff-match-patch": ["@types/diff-match-patch@1.0.36", "", {}, "sha512-xFdR6tkm0MWvBfO8xXCSsinYxHcqkQUlcHeSpMC2ukzOb6lwQAfDmW+Qt0AvlGd8HpsS28qKsB+oPeJn9I39jg=="],

    "@types/node": ["@types/node@26.5.1", "", { "dependencies": { "undici-types": "~8.9.0" } }, "sha512-CzNm2FezW4VR/LjG6yUdiEgLE/rAQ9Slj5gCu/C2VrdcW7I0ahNZ8DRbHT7zOZ6r3ONgd/bsQIeSaoDGrd1C6g=="],

    "ai": ["ai@4.3.0", "", { "dependencies": { "@ai-sdk/provider": "1.1.0", "@ai-sdk/provider-utils": "2.2.4", "@ai-sdk/react": "1.2.6", "@ai-sdk/ui-utils": "1.2.5", "@opentelemetry/api": "1.9.0", "jsondiffpatch": "0.6.0" }, "peerDependencies": { "react": "^18 || ^19 || ^19.0.0-rc", "zod": "^3.23.8" }, "optionalPeers": ["react"] }, "sha512-PxyQYKhWaU3LiZEpeKRaekVonZIbWdKAwgnqm0CSAxy1MFufmYEC5SM5Mc9uiK2DoHcbAL3d1jyaQ2fSDAJL8w=="],

    "bun-types": ["bun-types@1.4.2", "", { "dependencies": { "@types/node": "*" } }, "sha512-bxV1FgK7yBIzjRe5zBozIM4Bem11ZJcCXSrjWRG3YWLt8yFDePu4cLjpebO8OvPeIE9trbyPF4fuj3Cia4Fj3w=="],

    "chalk": ["chalk@5.6.2", "", {}, "sha512-7NzBL0rN6fMUW+f7A6Io4h40qQlG+xGmtMxfbnH/K7TAtt8JQWVQK+6g0UXKMeVJoyV5EkkNsErQ8pVD3bLHbA=="],

    "dequal": ["dequal@2.0.3", "", {}, "sha512-0je+qPKHEMohvfRTCEo3CrPG6cAzAYgmzKyxRiYSSDkS6eGJdyVJm7WaYA5ECaAD9wLB2T4EEeymA5aFVcYXCA=="],

    "diff-match-patch": ["diff-match-patch@1.0.5", "", {}, "sha512-IayShXAgj/QMXgB0IWmKx+rOPuGMhqm5w6jvFxmVenXKIzRqTAAsbBPT3kWQeGANj3jGgvcvv4yK6SxqYmikgw=="],

    "eventsource-parser": ["eventsource-parser@3.1.1", "", {}, "sha512-EKN1vKAMcZ8MlYMpaNuxN6R9yakzH6uajHcHVTqWJzvu5pWw9DyhbP35HH8MVBQ+dZjAfDxk+A8NiR9KWaXiyQ=="],

    "json-schema": ["json-schema@0.4.0", "", {}, "sha512-es94M3nTIfsEPisRafak+HDLfHXnKBhV3vU5eqPcS3flIWqcxJWgXHXiey3YrpaNsanY5ei1VoYEbOzijuq9BA=="],

    "jsondiffpatch": ["jsondiffpatch@0.6.0", "", { "dependencies": { "@types/diff-match-patch": "^1.0.36", "chalk": "^5.3.0", "diff-match-patch": "^1.0.5" }, "bin": { "jsondiffpatch": "bin/jsondiffpatch.js" } }, "sha512-3QItJOXp2AP1uv7waBkao5nCvhEv+QmJAd38Ybq7wNI74Q+BBmnLn4EDKz6yI9xGAIQoUF87qHt+kc1IVxB4zQ=="],

    "nanoid": ["nanoid@3.3.19", "", { "bin": { "nanoid": "bin/nanoid.cjs" } }, "sha512-Y2tUNy4ouw6tq5oDSKeQYGOyhkUBhNOcGV/02KC+6kd9eDGqdZd++mjMiIDilrBYvjEnCYvVtsuHCuP+okSfug=="],

    "react": ["react@19.3.0", "", {}, "sha512-E8LUcbtBWt20bbl2YoHfx4ZDBdxVTfOKtCZn9cDSJ4l6/nuoApcpIBcj47t2wZoVX8g2ZHuMHbiShgCR1T5Sog=="],

    "secure-json-parse": ["secure-json-parse@2.7.0", "", {}, "sha512-6aU+Rwsezw7VR8/nyvKTx8QpWH9FrcYiXXlqC4z5d5XQBDRqtbfsRjnwGyqbi3gddNtWHuEk9OANUotL26qKUw=="],

    "swr": ["swr@2.5.1", "", { "dependencies": { "dequal": "^2.0.3", "use-sync-external-store": "^1.6.0" }, "peerDependencies": { "react": "^16.11.0 || ^17.0.0 || ^18.0.0 || ^19.0.0" } }, "sha512-BRw55e8r0B7SpDN20CAzoQAHl7y1yP7/Zt7oqUjMv0vSt2u2Xnkm88Ws+VypbV9BXHQVuSuyVq7zMjO16wSExw=="],

    "throttleit": ["throttleit@2.1.0", "", {}, "sha512-nt6AMGKW1p/70DF/hGBdJB57B8Tspmbp5gfJ8ilhLnt7kkr2ye7hzD6NVG8GGErk2HWF34igrL2CXmNIkzKqKw=="],

    "typescript": ["typescript@5.9.3", "", { "bin": { "tsc": "bin/tsc", "tsserver": "bin/tsserver" } }, "sha512-jl1vZzPDinLr9eUt3J/t7V6FgNEw9QjvBPdysz9KfQDD41fQrC2Y4vKQdiaUpFT4bXlb1RHhLpp8wtm6M5TgSw=="],

    "undici-types": ["undici-types@8.9.0", "", {}, "sha512-KTDyRTYX8sWmKXAikPHHSyc63CRPETMctyjKFupcC6OBLXT3xsN0e9aF7m+mIXutFWpUXuedtowG7iLOzp0kQg=="],

    "use-sync-external-store": ["use-sync-external-store@1.7.0", "", { "peerDependencies": { "react": "^16.8.0 || ^17.0.0 || ^18.0.0 || ^19.0.0" } }, "sha512-6L+EeigHMQhdaIPNIFUKwfWJSwWFQ8gJbJ2DLOs5sDIegTwR9fRxvnM3uciHKjIZhFz+KAv2emhWMRvDmMcY8A=="],

    "zod": ["zod@3.25.0", "", {}, "sha512-ficnZKUW0mlNivqeJkosTEkGbJ6NKCtSaOHGx5aXbtfeWMdRyzXLbAIn19my4C/KB7WPY/p9vlGPt+qpOp6c4Q=="],

    "zod-to-json-schema": ["zod-to-json-schema@3.25.2", "", { "peerDependencies": { "zod": "^3.25.28 || ^4" } }, "sha512-O/PgfnpT1xKSDeQYSCfRI5Gy3hPf91mKVDuYLUHZJMiDFptvP41MSnWofm8dnCm0256ZNfZIM7DSzuSMAFnjHA=="],

    "@ai-sdk/react/@ai-sdk/provider-utils": ["@ai-sdk/provider-utils@2.2.4", "", { "dependencies": { "@ai-sdk/provider": "1.1.0", "nanoid": "^3.3.8", "secure-json-parse": "^2.7.0" }, "peerDependencies": { "zod": "^3.23.8" } }, "sha512-13sEGBxB6kgaMPGOgCLYibF6r8iv8mgjhuToFrOTU09bBxbFQd8ZoARarCfJN6VomCUbUvMKwjTBLb1vQnN+WA=="],

    "@ai-sdk/ui-utils/@ai-sdk/provider-utils": ["@ai-sdk/provider-utils@2.2.4", "", { "dependencies": { "@ai-sdk/provider": "1.1.0", "nanoid": "^3.3.8", "secure-json-parse": "^2.7.0" }, "peerDependencies": { "zod": "^3.23.8" } }, "sha512-13sEGBxB6kgaMPGOgCLYibF6r8iv8mgjhuToFrOTU09bBxbFQd8ZoARarCfJN6VomCUbUvMKwjTBLb1vQnN+WA=="],

    "ai/@ai-sdk/provider-utils": ["@ai-sdk/provider-utils@2.2.4", "", { "dependencies": { "@ai-sdk/provider": "1.1.0", "nanoid": "^3.3.8", "secure-json-parse": "^2.7.0" }, "peerDependencies": { "zod": "^3.23.8" } }, "sha512-13sEGBxB6kgaMPGOgCLYibF6r8iv8mgjhuToFrOTU09bBxbFQd8ZoARarCfJN6VomCUbUvMKwjTBLb1vQnN+WA=="],
  }
}
